
Microsoft Visual Studio Solution File, Format Version 12.00
# Visual Studio Version 16
VisualStudioVersion = 16.0.30503.244
MinimumVisualStudioVersion = 10.0.40219.1
Project("{FAE04EC0-301F-11D3-BF4B-00C04F79EFBC}") = "задача 6.1", "задача 6.1\задача 6.1.csproj", "{4EFE8D04-49C5-40C6-B284-BBBC5BC18343}"
EndProject
Global
	GlobalSection(SolutionConfigurationPlatforms) = preSolution
		Debug|Any CPU = Debug|Any CPU
		Release|Any CPU = Release|Any CPU
	EndGlobalSection
	GlobalSection(ProjectConfigurationPlatforms) = postSolution
		{4EFE8D04-49C5-40C6-B284-BBBC5BC18343}.Debug|Any CPU.ActiveCfg = Debug|Any CPU
		{4EFE8D04-49C5-40C6-B284-BBBC5BC18343}.Debug|Any CPU.Build.0 = Debug|Any CPU
		{4EFE8D04-49C5-40C6-B284-BBBC5BC18343}.Release|Any CPU.ActiveCfg = Release|Any CPU
		{4EFE8D04-49C5-40C6-B284-BBBC5BC18343}.Release|Any CPU.Build.0 = Release|Any CPU
	EndGlobalSection
	GlobalSection(SolutionProperties) = preSolution
		HideSolutionNode = FALSE
	EndGlobalSection
	GlobalSection(ExtensibilityGlobals) = postSolution
		SolutionGuid = {C9463588-3C27-4DAC-8912-353D4C6C6F15}
	EndGlobalSection
EndGlobal
